// !$*UTF8*$!
{
	archiveVersion = 1;
	classes = {
	};
	objectVersion = 48;
	objects = {

/* Begin PBXBuildFile section */
		1605E731208E4C2F0052C90C /* AppDelegate.swift in Sources */ = {isa = PBXBuildFile; fileRef = 1605E730208E4C2F0052C90C /* AppDelegate.swift */; };
		1605E733208E4C2F0052C90C /* ViewController.swift in Sources */ = {isa = PBXBuildFile; fileRef = 1605E732208E4C2F0052C90C /* ViewController.swift */; };
		1605E736208E4C2F0052C90C /* Main.storyboard in Resources */ = {isa = PBXBuildFile; fileRef = 1605E734208E4C2F0052C90C /* Main.storyboard */; };
		1605E738208E4C2F0052C90C /* Assets.xcassets in Resources */ = {isa = PBXBuildFile; fileRef = 1605E737208E4C2F0052C90C /* Assets.xcassets */; };
		1605E73B208E4C2F0052C90C /* LaunchScreen.storyboard in Resources */ = {isa = PBXBuildFile; fileRef = 1605E739208E4C2F0052C90C /* LaunchScreen.storyboard */; };
		1605E753208E4D200052C90C /* Lottie.framework in Frameworks */ = {isa = PBXBuildFile; fileRef = 1605E74C208E4CE10052C90C /* Lottie.framework */; };
		1605E754208E4D200052C90C /* Lottie.framework in Embed Frameworks */ = {isa = PBXBuildFile; fileRef = 1605E74C208E4CE10052C90C /* Lottie.framework */; settings = {ATTRIBUTES = (CodeSignOnCopy, RemoveHeadersOnCopy, ); }; };
		16B6038720A3215400A7796D /* fish-with-four-bubbles.json in Resources */ = {isa = PBXBuildFile; fileRef = 16B6038620A3215400A7796D /* fish-with-four-bubbles.json */; };
/* End PBXBuildFile section */

/* Begin PBXContainerItemProxy section */
		1605E74B208E4CE10052C90C /* PBXContainerItemProxy */ = {
			isa = PBXContainerItemProxy;
			containerPortal = 1605E744208E4CE10052C90C /* Lottie.xcodeproj */;
			proxyType = 2;
			remoteGlobalIDString = 62CA59B81E3C173B002D7188;
			remoteInfo = Lottie_iOS;
		};
		1605E74D208E4CE10052C90C /* PBXContainerItemProxy */ = {
			isa = PBXContainerItemProxy;
			containerPortal = 1605E744208E4CE10052C90C /* Lottie.xcodeproj */;
			proxyType = 2;
			remoteGlobalIDString = FAE1F7E61E428CBE002E0974;
			remoteInfo = Lottie_macOS;
		};
		1605E74F208E4CE10052C90C /* PBXContainerItemProxy */ = {
			isa = PBXContainerItemProxy;
			containerPortal = 1605E744208E4CE10052C90C /* Lottie.xcodeproj */;
			proxyType = 2;
			remoteGlobalIDString = 8C5379761FB471D100C1BC65;
			remoteInfo = Lottie_tvOS;
		};
		1605E751208E4CE10052C90C /* PBXContainerItemProxy */ = {
			isa = PBXContainerItemProxy;
			containerPortal = 1605E744208E4CE10052C90C /* Lottie.xcodeproj */;
			proxyType = 2;
			remoteGlobalIDString = 84FE12EF1E4C1485009B157C;
			remoteInfo = LottieLibraryIOS;
		};
		1605E755208E4D200052C90C /* PBXContainerItemProxy */ = {
			isa = PBXContainerItemProxy;
			containerPortal = 1605E744208E4CE10052C90C /* Lottie.xcodeproj */;
			proxyType = 1;
			remoteGlobalIDString = 62CA59B71E3C173B002D7188;
			remoteInfo = Lottie_iOS;
		};
		16BF40FC208FC588002FFD15 /* PBXContainerItemProxy */ = {
			isa = PBXContainerItemProxy;
			containerPortal = 1605E744208E4CE10052C90C /* Lottie.xcodeproj */;
			proxyType = 2;
			remoteGlobalIDString = 6445B0D5207E0D4D00D84F6A;
			remoteInfo = LottieLibraryMacOS;
		};
/* End PBXContainerItemProxy section */

/* Begin PBXCopyFilesBuildPhase section */
		1605E757208E4D200052C90C /* Embed Frameworks */ = {
			isa = PBXCopyFilesBuildPhase;
			buildActionMask = 2147483647;
			dstPath = "";
			dstSubfolderSpec = 10;
			files = (
				1605E754208E4D200052C90C /* Lottie.framework in Embed Frameworks */,
			);
			name = "Embed Frameworks";
			runOnlyForDeploymentPostprocessing = 0;
		};
/* End PBXCopyFilesBuildPhase section */

/* Begin PBXFileReference section */
		1605E72D208E4C2F0052C90C /* fish.app */ = {isa = PBXFileReference; explicitFileType = wrapper.application; includeInIndex = 0; path = fish.app; sourceTree = BUILT_PRODUCTS_DIR; };
		1605E730208E4C2F0052C90C /* AppDelegate.swift */ = {isa = PBXFileReference; lastKnownFileType = sourcecode.swift; path = AppDelegate.swift; sourceTree = "<group>"; };
		1605E732208E4C2F0052C90C /* ViewController.swift */ = {isa = PBXFileReference; lastKnownFileType = sourcecode.swift; path = ViewController.swift; sourceTree = "<group>"; };
		1605E735208E4C2F0052C90C /* Base */ = {isa = PBXFileReference; lastKnownFileType = file.storyboard; name = Base; path = Base.lproj/Main.storyboard; sourceTree = "<group>"; };
		1605E737208E4C2F0052C90C /* Assets.xcassets */ = {isa = PBXFileReference; lastKnownFileType = folder.assetcatalog; path = Assets.xcassets; sourceTree = "<group>"; };
		1605E73A208E4C2F0052C90C /* Base */ = {isa = PBXFileReference; lastKnownFileType = file.storyboard; name = Base; path = Base.lproj/LaunchScreen.storyboard; sourceTree = "<group>"; };
		1605E73C208E4C2F0052C90C /* Info.plist */ = {isa = PBXFileReference; lastKnownFileType = text.plist.xml; path = Info.plist; sourceTree = "<group>"; };
		1605E744208E4CE10052C90C /* Lottie.xcodeproj */ = {isa = PBXFileReference; lastKnownFileType = "wrapper.pb-project"; name = Lottie.xcodeproj; path = "../../../lottie-ios/Lottie.xcodeproj"; sourceTree = "<group>"; };
		16B6038620A3215400A7796D /* fish-with-four-bubbles.json */ = {isa = PBXFileReference; fileEncoding = 4; lastKnownFileType = text.json; path = "fish-with-four-bubbles.json"; sourceTree = "<group>"; };
/* End PBXFileReference section */

/* Begin PBXFrameworksBuildPhase section */
		1605E72A208E4C2F0052C90C /* Frameworks */ = {
			isa = PBXFrameworksBuildPhase;
			buildActionMask = 2147483647;
			files = (
				1605E753208E4D200052C90C /* Lottie.framework in Frameworks */,
			);
			runOnlyForDeploymentPostprocessing = 0;
		};
/* End PBXFrameworksBuildPhase section */

/* Begin PBXGroup section */
		1605E724208E4C2F0052C90C = {
			isa = PBXGroup;
			children = (
				1605E744208E4CE10052C90C /* Lottie.xcodeproj */,
				1605E72F208E4C2F0052C90C /* fish */,
				1605E72E208E4C2F0052C90C /* Products */,
			);
			sourceTree = "<group>";
		};
		1605E72E208E4C2F0052C90C /* Products */ = {
			isa = PBXGroup;
			children = (
				1605E72D208E4C2F0052C90C /* fish.app */,
			);
			name = Products;
			sourceTree = "<group>";
		};
		1605E72F208E4C2F0052C90C /* fish */ = {
			isa = PBXGroup;
			children = (
				16B6038620A3215400A7796D /* fish-with-four-bubbles.json */,
				1605E730208E4C2F0052C90C /* AppDelegate.swift */,
				1605E732208E4C2F0052C90C /* ViewController.swift */,
				1605E734208E4C2F0052C90C /* Main.storyboard */,
				1605E737208E4C2F0052C90C /* Assets.xcassets */,
				1605E739208E4C2F0052C90C /* LaunchScreen.storyboard */,
				1605E73C208E4C2F0052C90C /* Info.plist */,
			);
			path = fish;
			sourceTree = "<group>";
		};
		1605E745208E4CE10052C90C /* Products */ = {
			isa = PBXGroup;
			children = (
				1605E74C208E4CE10052C90C /* Lottie.framework */,
				1605E74E208E4CE10052C90C /* Lottie.framework */,
				1605E750208E4CE10052C90C /* Lottie.framework */,
				1605E752208E4CE10052C90C /* libLottie.a */,
				16BF40FD208FC588002FFD15 /* libLottie.a */,
			);
			name = Products;
			sourceTree = "<group>";
		};
/* End PBXGroup section */

/* Begin PBXNativeTarget section */
		1605E72C208E4C2F0052C90C /* fish */ = {
			isa = PBXNativeTarget;
			buildConfigurationList = 1605E73F208E4C2F0052C90C /* Build configuration list for PBXNativeTarget "fish" */;
			buildPhases = (
				1605E729208E4C2F0052C90C /* Sources */,
				1605E72A208E4C2F0052C90C /* Frameworks */,
				1605E72B208E4C2F0052C90C /* Resources */,
				1605E757208E4D200052C90C /* Embed Frameworks */,
			);
			buildRules = (
			);
			dependencies = (
				1605E756208E4D200052C90C /* PBXTargetDependency */,
			);
			name = fish;
			productName = fish;
			productReference = 1605E72D208E4C2F0052C90C /* fish.app */;
			productType = "com.apple.product-type.application";
		};
/* End PBXNativeTarget section */

/* Begin PBXProject section */
		1605E725208E4C2F0052C90C /* Project object */ = {
			isa = PBXProject;
			attributes = {
				LastSwiftUpdateCheck = 0920;
				LastUpgradeCheck = 0920;
				ORGANIZATIONNAME = Humlan;
				TargetAttributes = {
					1605E72C208E4C2F0052C90C = {
						CreatedOnToolsVersion = 9.2;
						ProvisioningStyle = Automatic;
					};
				};
			};
			buildConfigurationList = 1605E728208E4C2F0052C90C /* Build configuration list for PBXProject "fish" */;
			compatibilityVersion = "Xcode 8.0";
			developmentRegion = en;
			hasScannedForEncodings = 0;
			knownRegions = (
				en,
				Base,
			);
			mainGroup = 1605E724208E4C2F0052C90C;
			productRefGroup = 1605E72E208E4C2F0052C90C /* Products */;
			projectDirPath = "";
			projectReferences = (
				{
					ProductGroup = 1605E745208E4CE10052C90C /* Products */;
					ProjectRef = 1605E744208E4CE10052C90C /* Lottie.xcodeproj */;
				},
			);
			projectRoot = "";
			targets = (
				1605E72C208E4C2F0052C90C /* fish */,
			);
		};
/* End PBXProject section */

/* Begin PBXReferenceProxy section */
		1605E74C208E4CE10052C90C /* Lottie.framework */ = {
			isa = PBXReferenceProxy;
			fileType = wrapper.framework;
			path = Lottie.framework;
			remoteRef = 1605E74B208E4CE10052C90C /* PBXContainerItemProxy */;
			sourceTree = BUILT_PRODUCTS_DIR;
		};
		1605E74E208E4CE10052C90C /* Lottie.framework */ = {
			isa = PBXReferenceProxy;
			fileType = wrapper.framework;
			path = Lottie.framework;
			remoteRef = 1605E74D208E4CE10052C90C /* PBXContainerItemProxy */;
			sourceTree = BUILT_PRODUCTS_DIR;
		};
		1605E750208E4CE10052C90C /* Lottie.framework */ = {
			isa = PBXReferenceProxy;
			fileType = wrapper.framework;
			path = Lottie.framework;
			remoteRef = 1605E74F208E4CE10052C90C /* PBXContainerItemProxy */;
			sourceTree = BUILT_PRODUCTS_DIR;
		};
		1605E752208E4CE10052C90C /* libLottie.a */ = {
			isa = PBXReferenceProxy;
			fileType = archive.ar;
			path = libLottie.a;
			remoteRef = 1605E751208E4CE10052C90C /* PBXContainerItemProxy */;
			sourceTree = BUILT_PRODUCTS_DIR;
		};
		16BF40FD208FC588002FFD15 /* libLottie.a */ = {
			isa = PBXReferenceProxy;
			fileType = archive.ar;
			path = libLottie.a;
			remoteRef = 16BF40FC208FC588002FFD15 /* PBXContainerItemProxy */;
			sourceTree = BUILT_PRODUCTS_DIR;
		};
/* End PBXReferenceProxy section */

/* Begin PBXResourcesBuildPhase section */
		1605E72B208E4C2F0052C90C /* Resources */ = {
			isa = PBXResourcesBuildPhase;
			buildActionMask = 2147483647;
			files = (
				1605E73B208E4C2F0052C90C /* LaunchScreen.storyboard in Resources */,
				1605E738208E4C2F0052C90C /* Assets.xcassets in Resources */,
				1605E736208E4C2F0052C90C /* Main.storyboard in Resources */,
				16B6038720A3215400A7796D /* fish-with-four-bubbles.json in Resources */,
			);
			runOnlyForDeploymentPostprocessing = 0;
		};
/* End PBXResourcesBuildPhase section */

/* Begin PBXSourcesBuildPhase section */
		1605E729208E4C2F0052C90C /* Sources */ = {
			isa = PBXSourcesBuildPhase;
			buildActionMask = 2147483647;
			files = (
				1605E733208E4C2F0052C90C /* ViewController.swift in Sources */,
				1605E731208E4C2F0052C90C /* AppDelegate.swift in Sources */,
			);
			runOnlyForDeploymentPostprocessing = 0;
		};
/* End PBXSourcesBuildPhase section */

/* Begin PBXTargetDependency section */
		1605E756208E4D200052C90C /* PBXTargetDependency */ = {
			isa = PBXTargetDependency;
			name = Lottie_iOS;
			targetProxy = 1605E755208E4D200052C90C /* PBXContainerItemProxy */;
		};
/* End PBXTargetDependency section */

/* Begin PBXVariantGroup section */
		1605E734208E4C2F0052C90C /* Main.storyboard */ = {
			isa = PBXVariantGroup;
			children = (
				1605E735208E4C2F0052C90C /* Base */,
			);
			name = Main.storyboard;
			sourceTree = "<group>";
		};
		1605E739208E4C2F0052C90C /* LaunchScreen.storyboard */ = {
			isa = PBXVariantGroup;
			children = (
				1605E73A208E4C2F0052C90C /* Base */,
			);
			name = LaunchScreen.storyboard;
			sourceTree = "<group>";
		};
/* End PBXVariantGroup section */

/* Begin XCBuildConfiguration section */
		1605E73D208E4C2F0052C90C /* Debug */ = {
			isa = XCBuildConfiguration;
			buildSettings = {
				ALWAYS_SEARCH_USER_PATHS = NO;
				CLANG_ANALYZER_NONNULL = YES;
				CLANG_ANALYZER_NUMBER_OBJECT_CONVERSION = YES_AGGRESSIVE;
				CLANG_CXX_LANGUAGE_STANDARD = "gnu++14";
				CLANG_CXX_LIBRARY = "libc++";
				CLANG_ENABLE_MODULES = YES;
				CLANG_ENABLE_OBJC_ARC = YES;
				CLANG_WARN_BLOCK_CAPTURE_AUTORELEASING = YES;
				CLANG_WARN_BOOL_CONVERSION = YES;
				CLANG_WARN_COMMA = YES;
				CLANG_WARN_CONSTANT_CONVERSION = YES;
				CLANG_WARN_DIRECT_OBJC_ISA_USAGE = YES_ERROR;
				CLANG_WARN_DOCUMENTATION_COMMENTS = YES;
				CLANG_WARN_EMPTY_BODY = YES;
				CLANG_WARN_ENUM_CONVERSION = YES;
				CLANG_WARN_INFINITE_RECURSION = YES;
				CLANG_WARN_INT_CONVERSION = YES;
				CLANG_WARN_NON_LITERAL_NULL_CONVERSION = YES;
				CLANG_WARN_OBJC_LITERAL_CONVERSION = YES;
				CLANG_WARN_OBJC_ROOT_CLASS = YES_ERROR;
				CLANG_WARN_RANGE_LOOP_ANALYSIS = YES;
				CLANG_WARN_STRICT_PROTOTYPES = YES;
				CLANG_WARN_SUSPICIOUS_MOVE = YES;
				CLANG_WARN_UNGUARDED_AVAILABILITY = YES_AGGRESSIVE;
				CLANG_WARN_UNREACHABLE_CODE = YES;
				CLANG_WARN__DUPLICATE_METHOD_MATCH = YES;
				CODE_SIGN_IDENTITY = "iPhone Developer";
				COPY_PHASE_STRIP = NO;
				DEBUG_INFORMATION_FORMAT = dwarf;
				ENABLE_STRICT_OBJC_MSGSEND = YES;
				ENABLE_TESTABILITY = YES;
				GCC_C_LANGUAGE_STANDARD = gnu11;
				GCC_DYNAMIC_NO_PIC = NO;
				GCC_NO_COMMON_BLOCKS = YES;
				GCC_OPTIMIZATION_LEVEL = 0;
				GCC_PREPROCESSOR_DEFINITIONS = (
					"DEBUG=1",
					"$(inherited)",
				);
				GCC_WARN_64_TO_32_BIT_CONVERSION = YES;
				GCC_WARN_ABOUT_RETURN_TYPE = YES_ERROR;
				GCC_WARN_UNDECLARED_SELECTOR = YES;
				GCC_WARN_UNINITIALIZED_AUTOS = YES_AGGRESSIVE;
				GCC_WARN_UNUSED_FUNCTION = YES;
				GCC_WARN_UNUSED_VARIABLE = YES;
				IPHONEOS_DEPLOYMENT_TARGET = 11.2;
				MTL_ENABLE_DEBUG_INFO = YES;
				ONLY_ACTIVE_ARCH = YES;
				SDKROOT = iphoneos;
				SWIFT_ACTIVE_COMPILATION_CONDITIONS = DEBUG;
				SWIFT_OPTIMIZATION_LEVEL = "-Onone";
			};
			name = Debug;
		};
		1605E73E208E4C2F0052C90C /* Release */ = {
			isa = XCBuildConfiguration;
			buildSettings = {
				ALWAYS_SEARCH_USER_PATHS = NO;
				CLANG_ANALYZER_NONNULL = YES;
				CLANG_ANALYZER_NUMBER_OBJECT_CONVERSION = YES_AGGRESSIVE;
				CLANG_CXX_LANGUAGE_STANDARD = "gnu++14";
				CLANG_CXX_LIBRARY = "libc++";
				CLANG_ENABLE_MODULES = YES;
				CLANG_ENABLE_OBJC_ARC = YES;
				CLANG_WARN_BLOCK_CAPTURE_AUTORELEASING = YES;
				CLANG_WARN_BOOL_CONVERSION = YES;
				CLANG_WARN_COMMA = YES;
				CLANG_WARN_CONSTANT_CONVERSION = YES;
				CLANG_WARN_DIRECT_OBJC_ISA_USAGE = YES_ERROR;
				CLANG_WARN_DOCUMENTATION_COMMENTS = YES;
				CLANG_WARN_EMPTY_BODY = YES;
				CLANG_WARN_ENUM_CONVERSION = YES;
				CLANG_WARN_INFINITE_RECURSION = YES;
				CLANG_WARN_INT_CONVERSION = YES;
				CLANG_WARN_NON_LITERAL_NULL_CONVERSION = YES;
				CLANG_WARN_OBJC_LITERAL_CONVERSION = YES;
				CLANG_WARN_OBJC_ROOT_CLASS = YES_ERROR;
				CLANG_WARN_RANGE_LOOP_ANALYSIS = YES;
				CLANG_WARN_STRICT_PROTOTYPES = YES;
				CLANG_WARN_SUSPICIOUS_MOVE = YES;
				CLANG_WARN_UNGUARDED_AVAILABILITY = YES_AGGRESSIVE;
				CLANG_WARN_UNREACHABLE_CODE = YES;
				CLANG_WARN__DUPLICATE_METHOD_MATCH = YES;
				CODE_SIGN_IDENTITY = "iPhone Developer";
				COPY_PHASE_STRIP = NO;
				DEBUG_INFORMATION_FORMAT = "dwarf-with-dsym";
				ENABLE_NS_ASSERTIONS = NO;
				ENABLE_STRICT_OBJC_MSGSEND = YES;
				GCC_C_LANGUAGE_STANDARD = gnu11;
				GCC_NO_COMMON_BLOCKS = YES;
				GCC_WARN_64_TO_32_BIT_CONVERSION = YES;
				GCC_WARN_ABOUT_RETURN_TYPE = YES_ERROR;
				GCC_WARN_UNDECLARED_SELECTOR = YES;
				GCC_WARN_UNINITIALIZED_AUTOS = YES_AGGRESSIVE;
				GCC_WARN_UNUSED_FUNCTION = YES;
				GCC_WARN_UNUSED_VARIABLE = YES;
				IPHONEOS_DEPLOYMENT_TARGET = 11.2;
				MTL_ENABLE_DEBUG_INFO = NO;
				SDKROOT = iphoneos;
				SWIFT_OPTIMIZATION_LEVEL = "-Owholemodule";
				VALIDATE_PRODUCT = YES;
			};
			name = Release;
		};
		1605E740208E4C2F0052C90C /* Debug */ = {
			isa = XCBuildConfiguration;
			buildSettings = {
				ASSETCATALOG_COMPILER_APPICON_NAME = AppIcon;
				CODE_SIGN_STYLE = Automatic;
				DEVELOPMENT_TEAM = 29GREC3J28;
				INFOPLIST_FILE = fish/Info.plist;
				LD_RUNPATH_SEARCH_PATHS = "$(inherited) @executable_path/Frameworks";
				PRODUCT_BUNDLE_IDENTIFIER = com.humlan.fish;
				PRODUCT_NAME = "$(TARGET_NAME)";
				SWIFT_VERSION = 4.0;
				TARGETED_DEVICE_FAMILY = "1,2";
			};
			name = Debug;
		};
		1605E741208E4C2F0052C90C /* Release */ = {
			isa = XCBuildConfiguration;
			buildSettings = {
				ASSETCATALOG_COMPILER_APPICON_NAME = AppIcon;
				CODE_SIGN_STYLE = Automatic;
				DEVELOPMENT_TEAM = 29GREC3J28;
				INFOPLIST_FILE = fish/Info.plist;
				LD_RUNPATH_SEARCH_PATHS = "$(inherited) @executable_path/Frameworks";
				PRODUCT_BUNDLE_IDENTIFIER = com.humlan.fish;
				PRODUCT_NAME = "$(TARGET_NAME)";
				SWIFT_VERSION = 4.0;
				TARGETED_DEVICE_FAMILY = "1,2";
			};
			name = Release;
		};
/* End XCBuildConfiguration section */

/* Begin XCConfigurationList section */
		1605E728208E4C2F0052C90C /* Build configuration list for PBXProject "fish" */ = {
			isa = XCConfigurationList;
			buildConfigurations = (
				1605E73D208E4C2F0052C90C /* Debug */,
				1605E73E208E4C2F0052C90C /* Release */,
			);
			defaultConfigurationIsVisible = 0;
			defaultConfigurationName = Release;
		};
		1605E73F208E4C2F0052C90C /* Build configuration list for PBXNativeTarget "fish" */ = {
			isa = XCConfigurationList;
			buildConfigurations = (
				1605E740208E4C2F0052C90C /* Debug */,
				1605E741208E4C2F0052C90C /* Release */,
			);
			defaultConfigurationIsVisible = 0;
			defaultConfigurationName = Release;
		};
/* End XCConfigurationList section */
	};
	rootObject = 1605E725208E4C2F0052C90C /* Project object */;
}
